Microsoft Visual Studio Solution File, Format Version 9.00
# Visual Studio 2005
Project("{EAF909A5-FA59-4C3D-9431-0FCC20D5BCF9}") = "common", "common\common.icproj", "{4A584116-1F61-496A-A82D-A6697B489929}"
EndProject
Project("{EAF909A5-FA59-4C3D-9431-0FCC20D5BCF9}") = "file", "file\file.icproj", "{2377A5CB-771B-44C9-85DB-D4692390BAA2}"
	ProjectSection(ProjectDependencies) = postProject
		{4A584116-1F61-496A-A82D-A6697B489929} = {4A584116-1F61-496A-A82D-A6697B489929}
	EndProjectSection
EndProject
Project("{EAF909A5-FA59-4C3D-9431-0FCC20D5BCF9}") = "framebuffer", "framebuffer\framebuffer.icproj", "{DF73AB14-B52B-4972-B460-E5476EAEAD70}"
	ProjectSection(ProjectDependencies) = postProject
		{4A584116-1F61-496A-A82D-A6697B489929} = {4A584116-1F61-496A-A82D-A6697B489929}
	EndProjectSection
EndProject
Project("{EAF909A5-FA59-4C3D-9431-0FCC20D5BCF9}") = "ri", "ri\ri.icproj", "{11FEE407-76A1-47A2-B7EE-6D8C2E296A05}"
	ProjectSection(ProjectDependencies) = postProject
		{DF73AB14-B52B-4972-B460-E5476EAEAD70} = {DF73AB14-B52B-4972-B460-E5476EAEAD70}
		{4A584116-1F61-496A-A82D-A6697B489929} = {4A584116-1F61-496A-A82D-A6697B489929}
		{41DD7D95-3412-4E97-BD4F-987CCEC60E30} = {41DD7D95-3412-4E97-BD4F-987CCEC60E30}
		{9C8450B7-7C4B-4565-8ECD-DC454F76CF3A} = {9C8450B7-7C4B-4565-8ECD-DC454F76CF3A}
		{2377A5CB-771B-44C9-85DB-D4692390BAA2} = {2377A5CB-771B-44C9-85DB-D4692390BAA2}
	EndProjectSection
EndProject
Project("{EAF909A5-FA59-4C3D-9431-0FCC20D5BCF9}") = "precomp", "precomp\precomp.icproj", "{41DD7D95-3412-4E97-BD4F-987CCEC60E30}"
	ProjectSection(ProjectDependencies) = postProject
		{4A584116-1F61-496A-A82D-A6697B489929} = {4A584116-1F61-496A-A82D-A6697B489929}
	EndProjectSection
EndProject
Project("{EAF909A5-FA59-4C3D-9431-0FCC20D5BCF9}") = "rgbe", "rgbe\rgbe.icproj", "{9C8450B7-7C4B-4565-8ECD-DC454F76CF3A}"
	ProjectSection(ProjectDependencies) = postProject
		{4A584116-1F61-496A-A82D-A6697B489929} = {4A584116-1F61-496A-A82D-A6697B489929}
	EndProjectSection
EndProject
Project("{EAF909A5-FA59-4C3D-9431-0FCC20D5BCF9}") = "rndr", "rndr\rndr.icproj", "{FCA8C1F2-EA20-488B-BD93-3491E610C31A}"
	ProjectSection(ProjectDependencies) = postProject
		{11FEE407-76A1-47A2-B7EE-6D8C2E296A05} = {11FEE407-76A1-47A2-B7EE-6D8C2E296A05}
		{4A584116-1F61-496A-A82D-A6697B489929} = {4A584116-1F61-496A-A82D-A6697B489929}
	EndProjectSection
EndProject
Project("{EAF909A5-FA59-4C3D-9431-0FCC20D5BCF9}") = "sdr", "sdr\sdr.icproj", "{609D64F7-BA18-4973-9042-EC456CB8A83F}"
	ProjectSection(ProjectDependencies) = postProject
		{4A584116-1F61-496A-A82D-A6697B489929} = {4A584116-1F61-496A-A82D-A6697B489929}
	EndProjectSection
EndProject
Project("{EAF909A5-FA59-4C3D-9431-0FCC20D5BCF9}") = "sdrc", "sdrc\sdrc.icproj", "{F40CEA16-8D77-4489-84A4-25ABB3175D1F}"
	ProjectSection(ProjectDependencies) = postProject
		{4A584116-1F61-496A-A82D-A6697B489929} = {4A584116-1F61-496A-A82D-A6697B489929}
	EndProjectSection
EndProject
Project("{EAF909A5-FA59-4C3D-9431-0FCC20D5BCF9}") = "sdrinfo", "sdrinfo\sdrinfo.icproj", "{63B7F300-FE4C-4A0D-B6DE-9A167705FC60}"
	ProjectSection(ProjectDependencies) = postProject
		{4A584116-1F61-496A-A82D-A6697B489929} = {4A584116-1F61-496A-A82D-A6697B489929}
		{609D64F7-BA18-4973-9042-EC456CB8A83F} = {609D64F7-BA18-4973-9042-EC456CB8A83F}
	EndProjectSection
EndProject
Project("{EAF909A5-FA59-4C3D-9431-0FCC20D5BCF9}") = "show", "show\show.icproj", "{1343C5EC-246E-4352-A0EC-8C3CE21840EE}"
	ProjectSection(ProjectDependencies) = postProject
		{11FEE407-76A1-47A2-B7EE-6D8C2E296A05} = {11FEE407-76A1-47A2-B7EE-6D8C2E296A05}
		{4A584116-1F61-496A-A82D-A6697B489929} = {4A584116-1F61-496A-A82D-A6697B489929}
		{1EE12DF5-A673-490D-BC03-C3E5DB897EFB} = {1EE12DF5-A673-490D-BC03-C3E5DB897EFB}
	EndProjectSection
EndProject
Project("{EAF909A5-FA59-4C3D-9431-0FCC20D5BCF9}") = "texmake", "texmake\texmake.icproj", "{BF04C717-4FB4-481D-B20C-B32980E98D4A}"
	ProjectSection(ProjectDependencies) = postProject
		{11FEE407-76A1-47A2-B7EE-6D8C2E296A05} = {11FEE407-76A1-47A2-B7EE-6D8C2E296A05}
		{4A584116-1F61-496A-A82D-A6697B489929} = {4A584116-1F61-496A-A82D-A6697B489929}
	EndProjectSection
EndProject
Project("{EAF909A5-FA59-4C3D-9431-0FCC20D5BCF9}") = "openexr", "openexr\openexr.icproj", "{4AB57A6F-708C-440A-A9FC-812F33B116FD}"
EndProject
Project("{2150E333-8FDC-42A3-9474-1A3956D46DE8}") = "Solution Items", "Solution Items", "{E37B7988-63F4-48D8-A39B-79D705E4D25A}"
	ProjectSection(SolutionItems) = preProject
		..\..\..\AUTHORS = ..\..\..\AUTHORS
		..\..\..\ChangeLog = ..\..\..\ChangeLog
		..\..\..\COMPILING.txt = ..\..\..\COMPILING.txt
		..\..\..\configure.in = ..\..\..\configure.in
		..\..\..\COPYING = ..\..\..\COPYING
		..\..\..\DEVNOTES = ..\..\..\DEVNOTES
		..\..\..\INSTALL = ..\..\..\INSTALL
		..\..\..\LICENSE = ..\..\..\LICENSE
		..\..\..\NEWS = ..\..\..\NEWS
		..\..\..\pixie.spec = ..\..\..\pixie.spec
		..\..\..\win32inst\PixieW32Setup.iss = ..\..\..\win32inst\PixieW32Setup.iss
		..\..\..\README = ..\..\..\README
	EndProjectSection
EndProject
Project("{EAF909A5-FA59-4C3D-9431-0FCC20D5BCF9}") = "gui", "gui\gui.icproj", "{1EE12DF5-A673-490D-BC03-C3E5DB897EFB}"
	ProjectSection(ProjectDependencies) = postProject
		{4A584116-1F61-496A-A82D-A6697B489929} = {4A584116-1F61-496A-A82D-A6697B489929}
	EndProjectSection
EndProject
Global
	GlobalSection(SolutionConfigurationPlatforms) = preSolution
		Debug|Win32 = Debug|Win32
		Release|Win32 = Release|Win32
		test|Win32 = test|Win32
	EndGlobalSection
	GlobalSection(ProjectConfigurationPlatforms) = postSolution
		{4A584116-1F61-496A-A82D-A6697B489929}.Debug|Win32.ActiveCfg = Debug|Win32
		{4A584116-1F61-496A-A82D-A6697B489929}.Debug|Win32.Build.0 = Debug|Win32
		{4A584116-1F61-496A-A82D-A6697B489929}.Release|Win32.ActiveCfg = Release|Win32
		{4A584116-1F61-496A-A82D-A6697B489929}.Release|Win32.Build.0 = Release|Win32
		{4A584116-1F61-496A-A82D-A6697B489929}.test|Win32.ActiveCfg = Release|Win32
		{4A584116-1F61-496A-A82D-A6697B489929}.test|Win32.Build.0 = Release|Win32
		{2377A5CB-771B-44C9-85DB-D4692390BAA2}.Debug|Win32.ActiveCfg = Debug|Win32
		{2377A5CB-771B-44C9-85DB-D4692390BAA2}.Debug|Win32.Build.0 = Debug|Win32
		{2377A5CB-771B-44C9-85DB-D4692390BAA2}.Release|Win32.ActiveCfg = Release|Win32
		{2377A5CB-771B-44C9-85DB-D4692390BAA2}.Release|Win32.Build.0 = Release|Win32
		{2377A5CB-771B-44C9-85DB-D4692390BAA2}.test|Win32.ActiveCfg = Release|Win32
		{2377A5CB-771B-44C9-85DB-D4692390BAA2}.test|Win32.Build.0 = Release|Win32
		{DF73AB14-B52B-4972-B460-E5476EAEAD70}.Debug|Win32.ActiveCfg = Debug|Win32
		{DF73AB14-B52B-4972-B460-E5476EAEAD70}.Debug|Win32.Build.0 = Debug|Win32
		{DF73AB14-B52B-4972-B460-E5476EAEAD70}.Release|Win32.ActiveCfg = Release|Win32
		{DF73AB14-B52B-4972-B460-E5476EAEAD70}.Release|Win32.Build.0 = Release|Win32
		{DF73AB14-B52B-4972-B460-E5476EAEAD70}.test|Win32.ActiveCfg = Release|Win32
		{DF73AB14-B52B-4972-B460-E5476EAEAD70}.test|Win32.Build.0 = Release|Win32
		{11FEE407-76A1-47A2-B7EE-6D8C2E296A05}.Debug|Win32.ActiveCfg = Debug|Win32
		{11FEE407-76A1-47A2-B7EE-6D8C2E296A05}.Debug|Win32.Build.0 = Debug|Win32
		{11FEE407-76A1-47A2-B7EE-6D8C2E296A05}.Release|Win32.ActiveCfg = Release|Win32
		{11FEE407-76A1-47A2-B7EE-6D8C2E296A05}.Release|Win32.Build.0 = Release|Win32
		{11FEE407-76A1-47A2-B7EE-6D8C2E296A05}.test|Win32.ActiveCfg = test|Win32
		{11FEE407-76A1-47A2-B7EE-6D8C2E296A05}.test|Win32.Build.0 = test|Win32
		{41DD7D95-3412-4E97-BD4F-987CCEC60E30}.Debug|Win32.ActiveCfg = Debug|Win32
		{41DD7D95-3412-4E97-BD4F-987CCEC60E30}.Debug|Win32.Build.0 = Debug|Win32
		{41DD7D95-3412-4E97-BD4F-987CCEC60E30}.Release|Win32.ActiveCfg = Release|Win32
		{41DD7D95-3412-4E97-BD4F-987CCEC60E30}.Release|Win32.Build.0 = Release|Win32
		{41DD7D95-3412-4E97-BD4F-987CCEC60E30}.test|Win32.ActiveCfg = Release|Win32
		{41DD7D95-3412-4E97-BD4F-987CCEC60E30}.test|Win32.Build.0 = Release|Win32
		{9C8450B7-7C4B-4565-8ECD-DC454F76CF3A}.Debug|Win32.ActiveCfg = Debug|Win32
		{9C8450B7-7C4B-4565-8ECD-DC454F76CF3A}.Debug|Win32.Build.0 = Debug|Win32
		{9C8450B7-7C4B-4565-8ECD-DC454F76CF3A}.Release|Win32.ActiveCfg = Release|Win32
		{9C8450B7-7C4B-4565-8ECD-DC454F76CF3A}.Release|Win32.Build.0 = Release|Win32
		{9C8450B7-7C4B-4565-8ECD-DC454F76CF3A}.test|Win32.ActiveCfg = Release|Win32
		{9C8450B7-7C4B-4565-8ECD-DC454F76CF3A}.test|Win32.Build.0 = Release|Win32
		{FCA8C1F2-EA20-488B-BD93-3491E610C31A}.Debug|Win32.ActiveCfg = Debug|Win32
		{FCA8C1F2-EA20-488B-BD93-3491E610C31A}.Debug|Win32.Build.0 = Debug|Win32
		{FCA8C1F2-EA20-488B-BD93-3491E610C31A}.Release|Win32.ActiveCfg = Release|Win32
		{FCA8C1F2-EA20-488B-BD93-3491E610C31A}.Release|Win32.Build.0 = Release|Win32
		{FCA8C1F2-EA20-488B-BD93-3491E610C31A}.test|Win32.ActiveCfg = Release|Win32
		{FCA8C1F2-EA20-488B-BD93-3491E610C31A}.test|Win32.Build.0 = Release|Win32
		{609D64F7-BA18-4973-9042-EC456CB8A83F}.Debug|Win32.ActiveCfg = Debug|Win32
		{609D64F7-BA18-4973-9042-EC456CB8A83F}.Debug|Win32.Build.0 = Debug|Win32
		{609D64F7-BA18-4973-9042-EC456CB8A83F}.Release|Win32.ActiveCfg = Release|Win32
		{609D64F7-BA18-4973-9042-EC456CB8A83F}.Release|Win32.Build.0 = Release|Win32
		{609D64F7-BA18-4973-9042-EC456CB8A83F}.test|Win32.ActiveCfg = Release|Win32
		{609D64F7-BA18-4973-9042-EC456CB8A83F}.test|Win32.Build.0 = Release|Win32
		{F40CEA16-8D77-4489-84A4-25ABB3175D1F}.Debug|Win32.ActiveCfg = Debug|Win32
		{F40CEA16-8D77-4489-84A4-25ABB3175D1F}.Debug|Win32.Build.0 = Debug|Win32
		{F40CEA16-8D77-4489-84A4-25ABB3175D1F}.Release|Win32.ActiveCfg = Release|Win32
		{F40CEA16-8D77-4489-84A4-25ABB3175D1F}.Release|Win32.Build.0 = Release|Win32
		{F40CEA16-8D77-4489-84A4-25ABB3175D1F}.test|Win32.ActiveCfg = Release|Win32
		{F40CEA16-8D77-4489-84A4-25ABB3175D1F}.test|Win32.Build.0 = Release|Win32
		{63B7F300-FE4C-4A0D-B6DE-9A167705FC60}.Debug|Win32.ActiveCfg = Debug|Win32
		{63B7F300-FE4C-4A0D-B6DE-9A167705FC60}.Debug|Win32.Build.0 = Debug|Win32
		{63B7F300-FE4C-4A0D-B6DE-9A167705FC60}.Release|Win32.ActiveCfg = Release|Win32
		{63B7F300-FE4C-4A0D-B6DE-9A167705FC60}.Release|Win32.Build.0 = Release|Win32
		{63B7F300-FE4C-4A0D-B6DE-9A167705FC60}.test|Win32.ActiveCfg = Release|Win32
		{63B7F300-FE4C-4A0D-B6DE-9A167705FC60}.test|Win32.Build.0 = Release|Win32
		{1343C5EC-246E-4352-A0EC-8C3CE21840EE}.Debug|Win32.ActiveCfg = Debug|Win32
		{1343C5EC-246E-4352-A0EC-8C3CE21840EE}.Debug|Win32.Build.0 = Debug|Win32
		{1343C5EC-246E-4352-A0EC-8C3CE21840EE}.Release|Win32.ActiveCfg = Release|Win32
		{1343C5EC-246E-4352-A0EC-8C3CE21840EE}.Release|Win32.Build.0 = Release|Win32
		{1343C5EC-246E-4352-A0EC-8C3CE21840EE}.test|Win32.ActiveCfg = Release|Win32
		{1343C5EC-246E-4352-A0EC-8C3CE21840EE}.test|Win32.Build.0 = Release|Win32
		{BF04C717-4FB4-481D-B20C-B32980E98D4A}.Debug|Win32.ActiveCfg = Debug|Win32
		{BF04C717-4FB4-481D-B20C-B32980E98D4A}.Debug|Win32.Build.0 = Debug|Win32
		{BF04C717-4FB4-481D-B20C-B32980E98D4A}.Release|Win32.ActiveCfg = Release|Win32
		{BF04C717-4FB4-481D-B20C-B32980E98D4A}.Release|Win32.Build.0 = Release|Win32
		{BF04C717-4FB4-481D-B20C-B32980E98D4A}.test|Win32.ActiveCfg = Release|Win32
		{BF04C717-4FB4-481D-B20C-B32980E98D4A}.test|Win32.Build.0 = Release|Win32
		{4AB57A6F-708C-440A-A9FC-812F33B116FD}.Debug|Win32.ActiveCfg = Debug|Win32
		{4AB57A6F-708C-440A-A9FC-812F33B116FD}.Debug|Win32.Build.0 = Debug|Win32
		{4AB57A6F-708C-440A-A9FC-812F33B116FD}.Release|Win32.ActiveCfg = Release|Win32
		{4AB57A6F-708C-440A-A9FC-812F33B116FD}.Release|Win32.Build.0 = Release|Win32
		{4AB57A6F-708C-440A-A9FC-812F33B116FD}.test|Win32.ActiveCfg = Release|Win32
		{4AB57A6F-708C-440A-A9FC-812F33B116FD}.test|Win32.Build.0 = Release|Win32
		{1EE12DF5-A673-490D-BC03-C3E5DB897EFB}.Debug|Win32.ActiveCfg = Debug|Win32
		{1EE12DF5-A673-490D-BC03-C3E5DB897EFB}.Debug|Win32.Build.0 = Debug|Win32
		{1EE12DF5-A673-490D-BC03-C3E5DB897EFB}.Release|Win32.ActiveCfg = Release|Win32
		{1EE12DF5-A673-490D-BC03-C3E5DB897EFB}.Release|Win32.Build.0 = Release|Win32
		{1EE12DF5-A673-490D-BC03-C3E5DB897EFB}.test|Win32.ActiveCfg = Release|Win32
		{1EE12DF5-A673-490D-BC03-C3E5DB897EFB}.test|Win32.Build.0 = Release|Win32
		{9D01025F-82A2-4E47-9B37-7BDE5430A087}.Debug|Win32.ActiveCfg = Debug|Win32
		{9D01025F-82A2-4E47-9B37-7BDE5430A087}.Debug|Win32.Build.0 = Debug|Win32
		{9D01025F-82A2-4E47-9B37-7BDE5430A087}.Release|Win32.ActiveCfg = Release|Win32
		{9D01025F-82A2-4E47-9B37-7BDE5430A087}.Release|Win32.Build.0 = Release|Win32
		{9D01025F-82A2-4E47-9B37-7BDE5430A087}.test|Win32.ActiveCfg = Release|Win32
		{9D01025F-82A2-4E47-9B37-7BDE5430A087}.test|Win32.Build.0 = Release|Win32
		{999FBC26-4F20-4BEF-B7DC-87DB7AA47F72}.Debug|Win32.ActiveCfg = Debug|Win32
		{999FBC26-4F20-4BEF-B7DC-87DB7AA47F72}.Debug|Win32.Build.0 = Debug|Win32
		{999FBC26-4F20-4BEF-B7DC-87DB7AA47F72}.Release|Win32.ActiveCfg = Release|Win32
		{999FBC26-4F20-4BEF-B7DC-87DB7AA47F72}.Release|Win32.Build.0 = Release|Win32
		{999FBC26-4F20-4BEF-B7DC-87DB7AA47F72}.test|Win32.ActiveCfg = Release|Win32
		{999FBC26-4F20-4BEF-B7DC-87DB7AA47F72}.test|Win32.Build.0 = Release|Win32
		{4A7A7632-A6A5-423A-B498-A193030BBB6D}.Debug|Win32.ActiveCfg = Debug|Win32
		{4A7A7632-A6A5-423A-B498-A193030BBB6D}.Debug|Win32.Build.0 = Debug|Win32
		{4A7A7632-A6A5-423A-B498-A193030BBB6D}.Release|Win32.ActiveCfg = Release|Win32
		{4A7A7632-A6A5-423A-B498-A193030BBB6D}.Release|Win32.Build.0 = Release|Win32
		{4A7A7632-A6A5-423A-B498-A193030BBB6D}.test|Win32.ActiveCfg = Release|Win32
		{4A7A7632-A6A5-423A-B498-A193030BBB6D}.test|Win32.Build.0 = Release|Win32
		{4B30FBEE-E194-4379-9523-F07DEA429A11}.Debug|Win32.ActiveCfg = Debug|Win32
		{4B30FBEE-E194-4379-9523-F07DEA429A11}.Debug|Win32.Build.0 = Debug|Win32
		{4B30FBEE-E194-4379-9523-F07DEA429A11}.Release|Win32.ActiveCfg = Release|Win32
		{4B30FBEE-E194-4379-9523-F07DEA429A11}.Release|Win32.Build.0 = Release|Win32
		{4B30FBEE-E194-4379-9523-F07DEA429A11}.test|Win32.ActiveCfg = test|Win32
		{4B30FBEE-E194-4379-9523-F07DEA429A11}.test|Win32.Build.0 = test|Win32
		{190139AC-9FDA-45DF-9A1C-68394739C0E0}.Debug|Win32.ActiveCfg = Debug|Win32
		{190139AC-9FDA-45DF-9A1C-68394739C0E0}.Debug|Win32.Build.0 = Debug|Win32
		{190139AC-9FDA-45DF-9A1C-68394739C0E0}.Release|Win32.ActiveCfg = Release|Win32
		{190139AC-9FDA-45DF-9A1C-68394739C0E0}.Release|Win32.Build.0 = Release|Win32
		{190139AC-9FDA-45DF-9A1C-68394739C0E0}.test|Win32.ActiveCfg = Release|Win32
		{190139AC-9FDA-45DF-9A1C-68394739C0E0}.test|Win32.Build.0 = Release|Win32
		{886855C6-811D-47CC-9172-B110A2318A9D}.Debug|Win32.ActiveCfg = Debug|Win32
		{886855C6-811D-47CC-9172-B110A2318A9D}.Debug|Win32.Build.0 = Debug|Win32
		{886855C6-811D-47CC-9172-B110A2318A9D}.Release|Win32.ActiveCfg = Release|Win32
		{886855C6-811D-47CC-9172-B110A2318A9D}.Release|Win32.Build.0 = Release|Win32
		{886855C6-811D-47CC-9172-B110A2318A9D}.test|Win32.ActiveCfg = Release|Win32
		{886855C6-811D-47CC-9172-B110A2318A9D}.test|Win32.Build.0 = Release|Win32
		{8E0C16E6-AA4C-4936-B77A-075626182CA9}.Debug|Win32.ActiveCfg = Debug|Win32
		{8E0C16E6-AA4C-4936-B77A-075626182CA9}.Debug|Win32.Build.0 = Debug|Win32
		{8E0C16E6-AA4C-4936-B77A-075626182CA9}.Release|Win32.ActiveCfg = Release|Win32
		{8E0C16E6-AA4C-4936-B77A-075626182CA9}.Release|Win32.Build.0 = Release|Win32
		{8E0C16E6-AA4C-4936-B77A-075626182CA9}.test|Win32.ActiveCfg = Release|Win32
		{8E0C16E6-AA4C-4936-B77A-075626182CA9}.test|Win32.Build.0 = Release|Win32
		{EC3B4157-D0C2-4F65-B7C8-71204E263A47}.Debug|Win32.ActiveCfg = Debug|Win32
		{EC3B4157-D0C2-4F65-B7C8-71204E263A47}.Debug|Win32.Build.0 = Debug|Win32
		{EC3B4157-D0C2-4F65-B7C8-71204E263A47}.Release|Win32.ActiveCfg = Release|Win32
		{EC3B4157-D0C2-4F65-B7C8-71204E263A47}.Release|Win32.Build.0 = Release|Win32
		{EC3B4157-D0C2-4F65-B7C8-71204E263A47}.test|Win32.ActiveCfg = Release|Win32
		{EC3B4157-D0C2-4F65-B7C8-71204E263A47}.test|Win32.Build.0 = Release|Win32
		{642DB6EE-95BD-4015-BA56-203A7B080B54}.Debug|Win32.ActiveCfg = Debug|Win32
		{642DB6EE-95BD-4015-BA56-203A7B080B54}.Debug|Win32.Build.0 = Debug|Win32
		{642DB6EE-95BD-4015-BA56-203A7B080B54}.Release|Win32.ActiveCfg = Release|Win32
		{642DB6EE-95BD-4015-BA56-203A7B080B54}.Release|Win32.Build.0 = Release|Win32
		{642DB6EE-95BD-4015-BA56-203A7B080B54}.test|Win32.ActiveCfg = Release|Win32
		{642DB6EE-95BD-4015-BA56-203A7B080B54}.test|Win32.Build.0 = Release|Win32
		{0981D4FB-CF3B-4281-8158-C9595694E026}.Debug|Win32.ActiveCfg = Debug|Win32
		{0981D4FB-CF3B-4281-8158-C9595694E026}.Debug|Win32.Build.0 = Debug|Win32
		{0981D4FB-CF3B-4281-8158-C9595694E026}.Release|Win32.ActiveCfg = Release|Win32
		{0981D4FB-CF3B-4281-8158-C9595694E026}.Release|Win32.Build.0 = Release|Win32
		{0981D4FB-CF3B-4281-8158-C9595694E026}.test|Win32.ActiveCfg = Release|Win32
		{0981D4FB-CF3B-4281-8158-C9595694E026}.test|Win32.Build.0 = Release|Win32
		{82683AC1-21C8-46E5-95C8-B930A79440F0}.Debug|Win32.ActiveCfg = Debug|Win32
		{82683AC1-21C8-46E5-95C8-B930A79440F0}.Debug|Win32.Build.0 = Debug|Win32
		{82683AC1-21C8-46E5-95C8-B930A79440F0}.Release|Win32.ActiveCfg = Release|Win32
		{82683AC1-21C8-46E5-95C8-B930A79440F0}.Release|Win32.Build.0 = Release|Win32
		{82683AC1-21C8-46E5-95C8-B930A79440F0}.test|Win32.ActiveCfg = Release|Win32
		{82683AC1-21C8-46E5-95C8-B930A79440F0}.test|Win32.Build.0 = Release|Win32
		{9A91A7E3-FB05-4E3F-91DE-FA47F5FDC398}.Debug|Win32.ActiveCfg = Debug|Win32
		{9A91A7E3-FB05-4E3F-91DE-FA47F5FDC398}.Debug|Win32.Build.0 = Debug|Win32
		{9A91A7E3-FB05-4E3F-91DE-FA47F5FDC398}.Release|Win32.ActiveCfg = Release|Win32
		{9A91A7E3-FB05-4E3F-91DE-FA47F5FDC398}.Release|Win32.Build.0 = Release|Win32
		{9A91A7E3-FB05-4E3F-91DE-FA47F5FDC398}.test|Win32.ActiveCfg = Release|Win32
		{9A91A7E3-FB05-4E3F-91DE-FA47F5FDC398}.test|Win32.Build.0 = Release|Win32
		{CC482007-8EFD-4855-8262-B92C89B328ED}.Debug|Win32.ActiveCfg = Debug|Win32
		{CC482007-8EFD-4855-8262-B92C89B328ED}.Debug|Win32.Build.0 = Debug|Win32
		{CC482007-8EFD-4855-8262-B92C89B328ED}.Release|Win32.ActiveCfg = Release|Win32
		{CC482007-8EFD-4855-8262-B92C89B328ED}.Release|Win32.Build.0 = Release|Win32
		{CC482007-8EFD-4855-8262-B92C89B328ED}.test|Win32.ActiveCfg = Release|Win32
		{CC482007-8EFD-4855-8262-B92C89B328ED}.test|Win32.Build.0 = Release|Win32
		{E47C37A9-F855-4757-8143-4628AF4C422D}.test|Win32.Build.0 = Release|Win32
		{E47C37A9-F855-4757-8143-4628AF4C422D}.test|Win32.ActiveCfg = Release|Win32
		{E47C37A9-F855-4757-8143-4628AF4C422D}.Release|Win32.Build.0 = Release|Win32
		{E47C37A9-F855-4757-8143-4628AF4C422D}.Release|Win32.ActiveCfg = Release|Win32
		{E47C37A9-F855-4757-8143-4628AF4C422D}.Debug|Win32.Build.0 = Debug|Win32
		{E47C37A9-F855-4757-8143-4628AF4C422D}.Debug|Win32.ActiveCfg = Debug|Win32
	EndGlobalSection
	GlobalSection(SolutionProperties) = preSolution
		HideSolutionNode = FALSE
	EndGlobalSection
EndGlobal
